
Microsoft Visual Studio Solution File, Format Version 12.00
# Visual Studio Version 17
VisualStudioVersion = 17.1.32328.378
MinimumVisualStudioVersion = 10.0.40219.1
Project("{FAE04EC0-301F-11D3-BF4B-00C04F79EFBC}") = "BasicQuestionUsingOops", "BasicQuestionUsingOops\BasicQuestionUsingOops.csproj", "{5296A1AB-AB7B-4877-A92B-7C2E58B02EAC}"
EndProject
Global
	GlobalSection(SolutionConfigurationPlatforms) = preSolution
		Debug|Any CPU = Debug|Any CPU
		Release|Any CPU = Release|Any CPU
	EndGlobalSection
	GlobalSection(ProjectConfigurationPlatforms) = postSolution
		{5296A1AB-AB7B-4877-A92B-7C2E58B02EAC}.Debug|Any CPU.ActiveCfg = Debug|Any CPU
		{5296A1AB-AB7B-4877-A92B-7C2E58B02EAC}.Debug|Any CPU.Build.0 = Debug|Any CPU
		{5296A1AB-AB7B-4877-A92B-7C2E58B02EAC}.Release|Any CPU.ActiveCfg = Release|Any CPU
		{5296A1AB-AB7B-4877-A92B-7C2E58B02EAC}.Release|Any CPU.Build.0 = Release|Any CPU
	EndGlobalSection
	GlobalSection(SolutionProperties) = preSolution
		HideSolutionNode = FALSE
	EndGlobalSection
	GlobalSection(ExtensibilityGlobals) = postSolution
		SolutionGuid = {45FE5F7D-BA32-4DD7-B706-DB142E7F6A04}
	EndGlobalSection
EndGlobal
